
Microsoft Visual Studio Solution File, Format Version 12.00
# Visual Studio Version 16
VisualStudioVersion = 16.0.29926.136
MinimumVisualStudioVersion = 10.0.40219.1
Project("{9A19103F-16F7-4668-BE54-9A1E7A4F7556}") = "ModeratorCandidates.API", "ModeratorCandidates.API\ModeratorCandidates.API.csproj", "{AF59E437-B2A7-47DD-8C51-B134B2A40E82}"
EndProject
Project("{9A19103F-16F7-4668-BE54-9A1E7A4F7556}") = "ModeratorCandidates.Shared", "ModeratorCandidates.Shared\ModeratorCandidates.Shared.csproj", "{271C6F60-7AA4-424B-80DC-F2CBD313FF61}"
EndProject
Project("{2150E333-8FDC-42A3-9474-1A3956D46DE8}") = "Solution Items", "Solution Items", "{83DAC361-35D0-46B2-A29E-EB26B184490F}"
	ProjectSection(SolutionItems) = preProject
		README.md = README.md
	EndProjectSection
EndProject
Global
	GlobalSection(SolutionConfigurationPlatforms) = preSolution
		Debug|Any CPU = Debug|Any CPU
		Release|Any CPU = Release|Any CPU
	EndGlobalSection
	GlobalSection(ProjectConfigurationPlatforms) = postSolution
		{AF59E437-B2A7-47DD-8C51-B134B2A40E82}.Debug|Any CPU.ActiveCfg = Debug|Any CPU
		{AF59E437-B2A7-47DD-8C51-B134B2A40E82}.Debug|Any CPU.Build.0 = Debug|Any CPU
		{AF59E437-B2A7-47DD-8C51-B134B2A40E82}.Release|Any CPU.ActiveCfg = Release|Any CPU
		{AF59E437-B2A7-47DD-8C51-B134B2A40E82}.Release|Any CPU.Build.0 = Release|Any CPU
		{271C6F60-7AA4-424B-80DC-F2CBD313FF61}.Debug|Any CPU.ActiveCfg = Debug|Any CPU
		{271C6F60-7AA4-424B-80DC-F2CBD313FF61}.Debug|Any CPU.Build.0 = Debug|Any CPU
		{271C6F60-7AA4-424B-80DC-F2CBD313FF61}.Release|Any CPU.ActiveCfg = Release|Any CPU
		{271C6F60-7AA4-424B-80DC-F2CBD313FF61}.Release|Any CPU.Build.0 = Release|Any CPU
	EndGlobalSection
	GlobalSection(SolutionProperties) = preSolution
		HideSolutionNode = FALSE
	EndGlobalSection
	GlobalSection(ExtensibilityGlobals) = postSolution
		SolutionGuid = {20F2C326-1DD5-436A-940E-0F7638B31A01}
	EndGlobalSection
EndGlobal
