
Microsoft Visual Studio Solution File, Format Version 12.00
# Visual Studio Version 17
VisualStudioVersion = 17.7.34009.444
MinimumVisualStudioVersion = 10.0.40219.1
Project("{9A19103F-16F7-4668-BE54-9A1E7A4F7556}") = "OrcaHello.Web.Api", "OrcaHello.Web.Api\OrcaHello.Web.Api.csproj", "{7AA0448F-F0E4-43C8-A833-5038E38AAC22}"
EndProject
Project("{9A19103F-16F7-4668-BE54-9A1E7A4F7556}") = "OrcaHello.Web.Shared", "OrcaHello.Web.Shared\OrcaHello.Web.Shared.csproj", "{68316C13-0DBF-459E-B1E5-081778C244EB}"
EndProject
Project("{9A19103F-16F7-4668-BE54-9A1E7A4F7556}") = "OrcaHello.Web.Api.Tests.Unit", "OrcaHello.Web.Api.Tests.Unit\OrcaHello.Web.Api.Tests.Unit.csproj", "{01375E6C-8A92-49B1-8CAD-2696A7DC8DDD}"
EndProject
Project("{9A19103F-16F7-4668-BE54-9A1E7A4F7556}") = "OrcaHello.Web.UI", "OrcaHello.Web.UI\OrcaHello.Web.UI.csproj", "{77AB2826-1CF2-45DC-8322-10C94B982E2B}"
EndProject
Project("{9A19103F-16F7-4668-BE54-9A1E7A4F7556}") = "OrcaHello.Console.DataMigration", "OrcaHello.Console.DataMigration\OrcaHello.Console.DataMigration.csproj", "{8D3DFBC3-A031-403C-8F03-5543659B75B0}"
EndProject
Project("{9A19103F-16F7-4668-BE54-9A1E7A4F7556}") = "OrcaHello.Web.UI.Tests.Unit", "OrcaHello.Web.UI.Tests.Unit\OrcaHello.Web.UI.Tests.Unit.csproj", "{BFB49D85-DDD3-43C1-8EEB-3F8799D7587C}"
EndProject
Global
	GlobalSection(SolutionConfigurationPlatforms) = preSolution
		Debug|Any CPU = Debug|Any CPU
		Release|Any CPU = Release|Any CPU
	EndGlobalSection
	GlobalSection(ProjectConfigurationPlatforms) = postSolution
		{7AA0448F-F0E4-43C8-A833-5038E38AAC22}.Debug|Any CPU.ActiveCfg = Debug|Any CPU
		{7AA0448F-F0E4-43C8-A833-5038E38AAC22}.Debug|Any CPU.Build.0 = Debug|Any CPU
		{7AA0448F-F0E4-43C8-A833-5038E38AAC22}.Release|Any CPU.ActiveCfg = Release|Any CPU
		{7AA0448F-F0E4-43C8-A833-5038E38AAC22}.Release|Any CPU.Build.0 = Release|Any CPU
		{68316C13-0DBF-459E-B1E5-081778C244EB}.Debug|Any CPU.ActiveCfg = Debug|Any CPU
		{68316C13-0DBF-459E-B1E5-081778C244EB}.Debug|Any CPU.Build.0 = Debug|Any CPU
		{68316C13-0DBF-459E-B1E5-081778C244EB}.Release|Any CPU.ActiveCfg = Release|Any CPU
		{68316C13-0DBF-459E-B1E5-081778C244EB}.Release|Any CPU.Build.0 = Release|Any CPU
		{01375E6C-8A92-49B1-8CAD-2696A7DC8DDD}.Debug|Any CPU.ActiveCfg = Debug|Any CPU
		{01375E6C-8A92-49B1-8CAD-2696A7DC8DDD}.Debug|Any CPU.Build.0 = Debug|Any CPU
		{01375E6C-8A92-49B1-8CAD-2696A7DC8DDD}.Release|Any CPU.ActiveCfg = Release|Any CPU
		{01375E6C-8A92-49B1-8CAD-2696A7DC8DDD}.Release|Any CPU.Build.0 = Release|Any CPU
		{77AB2826-1CF2-45DC-8322-10C94B982E2B}.Debug|Any CPU.ActiveCfg = Debug|Any CPU
		{77AB2826-1CF2-45DC-8322-10C94B982E2B}.Debug|Any CPU.Build.0 = Debug|Any CPU
		{77AB2826-1CF2-45DC-8322-10C94B982E2B}.Release|Any CPU.ActiveCfg = Release|Any CPU
		{77AB2826-1CF2-45DC-8322-10C94B982E2B}.Release|Any CPU.Build.0 = Release|Any CPU
		{8D3DFBC3-A031-403C-8F03-5543659B75B0}.Debug|Any CPU.ActiveCfg = Debug|Any CPU
		{8D3DFBC3-A031-403C-8F03-5543659B75B0}.Debug|Any CPU.Build.0 = Debug|Any CPU
		{8D3DFBC3-A031-403C-8F03-5543659B75B0}.Release|Any CPU.ActiveCfg = Release|Any CPU
		{8D3DFBC3-A031-403C-8F03-5543659B75B0}.Release|Any CPU.Build.0 = Release|Any CPU
		{BFB49D85-DDD3-43C1-8EEB-3F8799D7587C}.Debug|Any CPU.ActiveCfg = Debug|Any CPU
		{BFB49D85-DDD3-43C1-8EEB-3F8799D7587C}.Debug|Any CPU.Build.0 = Debug|Any CPU
		{BFB49D85-DDD3-43C1-8EEB-3F8799D7587C}.Release|Any CPU.ActiveCfg = Release|Any CPU
		{BFB49D85-DDD3-43C1-8EEB-3F8799D7587C}.Release|Any CPU.Build.0 = Release|Any CPU
	EndGlobalSection
	GlobalSection(SolutionProperties) = preSolution
		HideSolutionNode = FALSE
	EndGlobalSection
	GlobalSection(ExtensibilityGlobals) = postSolution
		SolutionGuid = {36D12860-2BDA-4813-9BE8-201886EA5BE5}
	EndGlobalSection
EndGlobal
