
Microsoft Visual Studio Solution File, Format Version 12.00
# Visual Studio Version 16
VisualStudioVersion = 16.0.30517.126
MinimumVisualStudioVersion = 10.0.40219.1
Project("{9A19103F-16F7-4668-BE54-9A1E7A4F7556}") = "AIForOrcas.Client.Web", "AIForOrcas.Client.Web\AIForOrcas.Client.Web.csproj", "{BB309EA4-5632-4EAA-9CD1-BC35B1554474}"
EndProject
Project("{9A19103F-16F7-4668-BE54-9A1E7A4F7556}") = "AIForOrcas.Client.BL", "AIForOrcas.Client.BL\AIForOrcas.Client.BL.csproj", "{AA525CC8-E64F-4F1D-87DC-1146B929F2D5}"
EndProject
Project("{9A19103F-16F7-4668-BE54-9A1E7A4F7556}") = "AIForOrcas.DTO", "AIForOrcas.DTO\AIForOrcas.DTO.csproj", "{BCC5C4D6-D460-47BA-B03E-605452F43B8F}"
EndProject
Project("{9A19103F-16F7-4668-BE54-9A1E7A4F7556}") = "AIForOrcas.Server.BL", "AIForOrcas.Server.BL\AIForOrcas.Server.BL.csproj", "{33320239-943C-4BBD-9F34-8F3165D665B9}"
EndProject
Project("{9A19103F-16F7-4668-BE54-9A1E7A4F7556}") = "AIForOrcas.Server", "AIForOrcas.Server\AIForOrcas.Server.csproj", "{9B666D4F-7C88-4E75-90BD-5BF00E79C13C}"
EndProject
Global
	GlobalSection(SolutionConfigurationPlatforms) = preSolution
		Debug|Any CPU = Debug|Any CPU
		Release|Any CPU = Release|Any CPU
	EndGlobalSection
	GlobalSection(ProjectConfigurationPlatforms) = postSolution
		{BB309EA4-5632-4EAA-9CD1-BC35B1554474}.Debug|Any CPU.ActiveCfg = Debug|Any CPU
		{BB309EA4-5632-4EAA-9CD1-BC35B1554474}.Debug|Any CPU.Build.0 = Debug|Any CPU
		{BB309EA4-5632-4EAA-9CD1-BC35B1554474}.Release|Any CPU.ActiveCfg = Release|Any CPU
		{BB309EA4-5632-4EAA-9CD1-BC35B1554474}.Release|Any CPU.Build.0 = Release|Any CPU
		{AA525CC8-E64F-4F1D-87DC-1146B929F2D5}.Debug|Any CPU.ActiveCfg = Debug|Any CPU
		{AA525CC8-E64F-4F1D-87DC-1146B929F2D5}.Debug|Any CPU.Build.0 = Debug|Any CPU
		{AA525CC8-E64F-4F1D-87DC-1146B929F2D5}.Release|Any CPU.ActiveCfg = Release|Any CPU
		{AA525CC8-E64F-4F1D-87DC-1146B929F2D5}.Release|Any CPU.Build.0 = Release|Any CPU
		{BCC5C4D6-D460-47BA-B03E-605452F43B8F}.Debug|Any CPU.ActiveCfg = Debug|Any CPU
		{BCC5C4D6-D460-47BA-B03E-605452F43B8F}.Debug|Any CPU.Build.0 = Debug|Any CPU
		{BCC5C4D6-D460-47BA-B03E-605452F43B8F}.Release|Any CPU.ActiveCfg = Release|Any CPU
		{BCC5C4D6-D460-47BA-B03E-605452F43B8F}.Release|Any CPU.Build.0 = Release|Any CPU
		{33320239-943C-4BBD-9F34-8F3165D665B9}.Debug|Any CPU.ActiveCfg = Debug|Any CPU
		{33320239-943C-4BBD-9F34-8F3165D665B9}.Debug|Any CPU.Build.0 = Debug|Any CPU
		{33320239-943C-4BBD-9F34-8F3165D665B9}.Release|Any CPU.ActiveCfg = Release|Any CPU
		{33320239-943C-4BBD-9F34-8F3165D665B9}.Release|Any CPU.Build.0 = Release|Any CPU
		{9B666D4F-7C88-4E75-90BD-5BF00E79C13C}.Debug|Any CPU.ActiveCfg = Debug|Any CPU
		{9B666D4F-7C88-4E75-90BD-5BF00E79C13C}.Debug|Any CPU.Build.0 = Debug|Any CPU
		{9B666D4F-7C88-4E75-90BD-5BF00E79C13C}.Release|Any CPU.ActiveCfg = Release|Any CPU
		{9B666D4F-7C88-4E75-90BD-5BF00E79C13C}.Release|Any CPU.Build.0 = Release|Any CPU
	EndGlobalSection
	GlobalSection(SolutionProperties) = preSolution
		HideSolutionNode = FALSE
	EndGlobalSection
	GlobalSection(ExtensibilityGlobals) = postSolution
		SolutionGuid = {0543B33F-E0A3-45E9-A2FA-7F1FA822FD1B}
	EndGlobalSection
EndGlobal
